
Microsoft Visual Studio Solution File, Format Version 12.00
# Visual Studio Version 17
VisualStudioVersion = 17.5.002.0
MinimumVisualStudioVersion = 10.0.40219.1
Project("{9A19103F-16F7-4668-BE54-9A1E7A4F7556}") = "socket_tests", "socket_tests.csproj", "{23691D9B-8E55-4059-8FCC-D5996C3C981D}"
EndProject
Global
	GlobalSection(SolutionConfigurationPlatforms) = preSolution
		Debug|Any CPU = Debug|Any CPU
		Release|Any CPU = Release|Any CPU
	EndGlobalSection
	GlobalSection(ProjectConfigurationPlatforms) = postSolution
		{23691D9B-8E55-4059-8FCC-D5996C3C981D}.Debug|Any CPU.ActiveCfg = Debug|Any CPU
		{23691D9B-8E55-4059-8FCC-D5996C3C981D}.Debug|Any CPU.Build.0 = Debug|Any CPU
		{23691D9B-8E55-4059-8FCC-D5996C3C981D}.Release|Any CPU.ActiveCfg = Release|Any CPU
		{23691D9B-8E55-4059-8FCC-D5996C3C981D}.Release|Any CPU.Build.0 = Release|Any CPU
	EndGlobalSection
	GlobalSection(SolutionProperties) = preSolution
		HideSolutionNode = FALSE
	EndGlobalSection
	GlobalSection(ExtensibilityGlobals) = postSolution
		SolutionGuid = {CEF2DCDC-A186-44B2-A4E8-09F3A0D3A5E7}
	EndGlobalSection
EndGlobal
